
Microsoft Visual Studio Solution File, Format Version 12.00
# Visual Studio Version 17
VisualStudioVersion = 17.5.33530.505
MinimumVisualStudioVersion = 10.0.40219.1
Project("{2150E333-8FDC-42A3-9474-1A3956D46DE8}") = "Services", "Services", "{9210FDAB-17EB-4EB5-A2E8-855E1BF26DC4}"
EndProject
Project("{2150E333-8FDC-42A3-9474-1A3956D46DE8}") = "Catalog", "Catalog", "{A17B1C90-F96F-4C4E-A779-7727FEEB240D}"
EndProject
Project("{9A19103F-16F7-4668-BE54-9A1E7A4F7556}") = "Catalog.API", "Services\Catalog\Catalog.API\Catalog.API.csproj", "{00979BE3-E580-4F53-B33D-7805EC703646}"
EndProject
Project("{E53339B2-1760-4266-BCC7-CA923CBCF16C}") = "docker-compose", "docker-compose.dcproj", "{00341889-21C3-4134-9665-B6D7CE604F53}"
EndProject
Project("{2150E333-8FDC-42A3-9474-1A3956D46DE8}") = "Basket", "Basket", "{C5BC3326-9A0D-4152-98C0-787D257870BA}"
EndProject
Project("{9A19103F-16F7-4668-BE54-9A1E7A4F7556}") = "Basket.API", "Services\Basket\Basket.API\Basket.API.csproj", "{4CA40A99-EE20-4C19-9A12-3B62B14FF6A5}"
EndProject
Project("{2150E333-8FDC-42A3-9474-1A3956D46DE8}") = "Discount", "Discount", "{91941460-33FB-43DE-B437-964A4E2D617D}"
EndProject
Project("{9A19103F-16F7-4668-BE54-9A1E7A4F7556}") = "Discount.API", "Services\Discount\Discount.API\Discount.API.csproj", "{AE1FD990-D6AD-4E30-9C87-79040DD5F2CC}"
EndProject
Project("{9A19103F-16F7-4668-BE54-9A1E7A4F7556}") = "Discount.Grpc", "Services\Discount\Discount.Grpc\Discount.Grpc.csproj", "{390490E7-F574-4955-B740-CEE45EC2269C}"
EndProject
Project("{2150E333-8FDC-42A3-9474-1A3956D46DE8}") = "Ordering", "Ordering", "{18D58E15-2254-494E-9E6B-486222649333}"
EndProject
Project("{9A19103F-16F7-4668-BE54-9A1E7A4F7556}") = "Ordering.API", "Services\Ordering\Ordering.API\Ordering.API.csproj", "{D715C945-B332-4EF3-8F98-D42AD0D9D364}"
EndProject
Project("{9A19103F-16F7-4668-BE54-9A1E7A4F7556}") = "Ordering.Domain", "Services\Ordering\Ordering.Domain\Ordering.Domain.csproj", "{0B7A610D-4E33-4415-89A1-76766AD572AB}"
EndProject
Project("{9A19103F-16F7-4668-BE54-9A1E7A4F7556}") = "Ordering.Application", "Services\Ordering\Ordering.Application\Ordering.Application.csproj", "{B92BBB2B-B343-4419-81D7-079630745E87}"
EndProject
Project("{9A19103F-16F7-4668-BE54-9A1E7A4F7556}") = "Ordering.Infrastructure", "Services\Ordering\Ordering.Infrastructure\Ordering.Infrastructure.csproj", "{4A879719-7940-4132-8DC6-94CD56744E1C}"
EndProject
Project("{2150E333-8FDC-42A3-9474-1A3956D46DE8}") = "BuildingBlocks", "BuildingBlocks", "{4AF5DEB0-9FB2-4A88-8624-B086D342FA56}"
EndProject
Project("{9A19103F-16F7-4668-BE54-9A1E7A4F7556}") = "EventBus.Messages", "BuildingBlocks\EventBus.Messages\EventBus.Messages.csproj", "{B90A7217-7209-472A-AABC-5F5438B219BF}"
EndProject
Project("{2150E333-8FDC-42A3-9474-1A3956D46DE8}") = "ApiGateways", "ApiGateways", "{739CE289-246F-42D4-8080-FB9075181208}"
EndProject
Project("{9A19103F-16F7-4668-BE54-9A1E7A4F7556}") = "OcelotApiGw", "ApiGateways\OcelotApiGw\OcelotApiGw.csproj", "{D26C28E2-8E04-4471-A886-8FD119402D4A}"
EndProject
Project("{FAE04EC0-301F-11D3-BF4B-00C04F79EFBC}") = "Shopping.Aggregator", "ApiGateways\Shopping.Aggregator\Shopping.Aggregator.csproj", "{A871A5A3-B165-4548-BC64-11145C5B49BA}"
EndProject
Global
	GlobalSection(SolutionConfigurationPlatforms) = preSolution
		Debug|Any CPU = Debug|Any CPU
		Release|Any CPU = Release|Any CPU
	EndGlobalSection
	GlobalSection(ProjectConfigurationPlatforms) = postSolution
		{00979BE3-E580-4F53-B33D-7805EC703646}.Debug|Any CPU.ActiveCfg = Debug|Any CPU
		{00979BE3-E580-4F53-B33D-7805EC703646}.Debug|Any CPU.Build.0 = Debug|Any CPU
		{00979BE3-E580-4F53-B33D-7805EC703646}.Release|Any CPU.ActiveCfg = Release|Any CPU
		{00979BE3-E580-4F53-B33D-7805EC703646}.Release|Any CPU.Build.0 = Release|Any CPU
		{00341889-21C3-4134-9665-B6D7CE604F53}.Debug|Any CPU.ActiveCfg = Debug|Any CPU
		{00341889-21C3-4134-9665-B6D7CE604F53}.Debug|Any CPU.Build.0 = Debug|Any CPU
		{00341889-21C3-4134-9665-B6D7CE604F53}.Release|Any CPU.ActiveCfg = Release|Any CPU
		{00341889-21C3-4134-9665-B6D7CE604F53}.Release|Any CPU.Build.0 = Release|Any CPU
		{4CA40A99-EE20-4C19-9A12-3B62B14FF6A5}.Debug|Any CPU.ActiveCfg = Debug|Any CPU
		{4CA40A99-EE20-4C19-9A12-3B62B14FF6A5}.Debug|Any CPU.Build.0 = Debug|Any CPU
		{4CA40A99-EE20-4C19-9A12-3B62B14FF6A5}.Release|Any CPU.ActiveCfg = Release|Any CPU
		{4CA40A99-EE20-4C19-9A12-3B62B14FF6A5}.Release|Any CPU.Build.0 = Release|Any CPU
		{AE1FD990-D6AD-4E30-9C87-79040DD5F2CC}.Debug|Any CPU.ActiveCfg = Debug|Any CPU
		{AE1FD990-D6AD-4E30-9C87-79040DD5F2CC}.Debug|Any CPU.Build.0 = Debug|Any CPU
		{AE1FD990-D6AD-4E30-9C87-79040DD5F2CC}.Release|Any CPU.ActiveCfg = Release|Any CPU
		{AE1FD990-D6AD-4E30-9C87-79040DD5F2CC}.Release|Any CPU.Build.0 = Release|Any CPU
		{390490E7-F574-4955-B740-CEE45EC2269C}.Debug|Any CPU.ActiveCfg = Debug|Any CPU
		{390490E7-F574-4955-B740-CEE45EC2269C}.Debug|Any CPU.Build.0 = Debug|Any CPU
		{390490E7-F574-4955-B740-CEE45EC2269C}.Release|Any CPU.ActiveCfg = Release|Any CPU
		{390490E7-F574-4955-B740-CEE45EC2269C}.Release|Any CPU.Build.0 = Release|Any CPU
		{D715C945-B332-4EF3-8F98-D42AD0D9D364}.Debug|Any CPU.ActiveCfg = Debug|Any CPU
		{D715C945-B332-4EF3-8F98-D42AD0D9D364}.Debug|Any CPU.Build.0 = Debug|Any CPU
		{D715C945-B332-4EF3-8F98-D42AD0D9D364}.Release|Any CPU.ActiveCfg = Release|Any CPU
		{D715C945-B332-4EF3-8F98-D42AD0D9D364}.Release|Any CPU.Build.0 = Release|Any CPU
		{0B7A610D-4E33-4415-89A1-76766AD572AB}.Debug|Any CPU.ActiveCfg = Debug|Any CPU
		{0B7A610D-4E33-4415-89A1-76766AD572AB}.Debug|Any CPU.Build.0 = Debug|Any CPU
		{0B7A610D-4E33-4415-89A1-76766AD572AB}.Release|Any CPU.ActiveCfg = Release|Any CPU
		{0B7A610D-4E33-4415-89A1-76766AD572AB}.Release|Any CPU.Build.0 = Release|Any CPU
		{B92BBB2B-B343-4419-81D7-079630745E87}.Debug|Any CPU.ActiveCfg = Debug|Any CPU
		{B92BBB2B-B343-4419-81D7-079630745E87}.Debug|Any CPU.Build.0 = Debug|Any CPU
		{B92BBB2B-B343-4419-81D7-079630745E87}.Release|Any CPU.ActiveCfg = Release|Any CPU
		{B92BBB2B-B343-4419-81D7-079630745E87}.Release|Any CPU.Build.0 = Release|Any CPU
		{4A879719-7940-4132-8DC6-94CD56744E1C}.Debug|Any CPU.ActiveCfg = Debug|Any CPU
		{4A879719-7940-4132-8DC6-94CD56744E1C}.Debug|Any CPU.Build.0 = Debug|Any CPU
		{4A879719-7940-4132-8DC6-94CD56744E1C}.Release|Any CPU.ActiveCfg = Release|Any CPU
		{4A879719-7940-4132-8DC6-94CD56744E1C}.Release|Any CPU.Build.0 = Release|Any CPU
		{B90A7217-7209-472A-AABC-5F5438B219BF}.Debug|Any CPU.ActiveCfg = Debug|Any CPU
		{B90A7217-7209-472A-AABC-5F5438B219BF}.Debug|Any CPU.Build.0 = Debug|Any CPU
		{B90A7217-7209-472A-AABC-5F5438B219BF}.Release|Any CPU.ActiveCfg = Release|Any CPU
		{B90A7217-7209-472A-AABC-5F5438B219BF}.Release|Any CPU.Build.0 = Release|Any CPU
		{D26C28E2-8E04-4471-A886-8FD119402D4A}.Debug|Any CPU.ActiveCfg = Debug|Any CPU
		{D26C28E2-8E04-4471-A886-8FD119402D4A}.Debug|Any CPU.Build.0 = Debug|Any CPU
		{D26C28E2-8E04-4471-A886-8FD119402D4A}.Release|Any CPU.ActiveCfg = Release|Any CPU
		{D26C28E2-8E04-4471-A886-8FD119402D4A}.Release|Any CPU.Build.0 = Release|Any CPU
		{A871A5A3-B165-4548-BC64-11145C5B49BA}.Debug|Any CPU.ActiveCfg = Debug|Any CPU
		{A871A5A3-B165-4548-BC64-11145C5B49BA}.Debug|Any CPU.Build.0 = Debug|Any CPU
		{A871A5A3-B165-4548-BC64-11145C5B49BA}.Release|Any CPU.ActiveCfg = Release|Any CPU
		{A871A5A3-B165-4548-BC64-11145C5B49BA}.Release|Any CPU.Build.0 = Release|Any CPU
	EndGlobalSection
	GlobalSection(SolutionProperties) = preSolution
		HideSolutionNode = FALSE
	EndGlobalSection
	GlobalSection(NestedProjects) = preSolution
		{A17B1C90-F96F-4C4E-A779-7727FEEB240D} = {9210FDAB-17EB-4EB5-A2E8-855E1BF26DC4}
		{00979BE3-E580-4F53-B33D-7805EC703646} = {A17B1C90-F96F-4C4E-A779-7727FEEB240D}
		{C5BC3326-9A0D-4152-98C0-787D257870BA} = {9210FDAB-17EB-4EB5-A2E8-855E1BF26DC4}
		{4CA40A99-EE20-4C19-9A12-3B62B14FF6A5} = {C5BC3326-9A0D-4152-98C0-787D257870BA}
		{91941460-33FB-43DE-B437-964A4E2D617D} = {9210FDAB-17EB-4EB5-A2E8-855E1BF26DC4}
		{AE1FD990-D6AD-4E30-9C87-79040DD5F2CC} = {91941460-33FB-43DE-B437-964A4E2D617D}
		{390490E7-F574-4955-B740-CEE45EC2269C} = {91941460-33FB-43DE-B437-964A4E2D617D}
		{18D58E15-2254-494E-9E6B-486222649333} = {9210FDAB-17EB-4EB5-A2E8-855E1BF26DC4}
		{D715C945-B332-4EF3-8F98-D42AD0D9D364} = {18D58E15-2254-494E-9E6B-486222649333}
		{0B7A610D-4E33-4415-89A1-76766AD572AB} = {18D58E15-2254-494E-9E6B-486222649333}
		{B92BBB2B-B343-4419-81D7-079630745E87} = {18D58E15-2254-494E-9E6B-486222649333}
		{4A879719-7940-4132-8DC6-94CD56744E1C} = {18D58E15-2254-494E-9E6B-486222649333}
		{B90A7217-7209-472A-AABC-5F5438B219BF} = {4AF5DEB0-9FB2-4A88-8624-B086D342FA56}
		{D26C28E2-8E04-4471-A886-8FD119402D4A} = {739CE289-246F-42D4-8080-FB9075181208}
		{A871A5A3-B165-4548-BC64-11145C5B49BA} = {739CE289-246F-42D4-8080-FB9075181208}
	EndGlobalSection
	GlobalSection(ExtensibilityGlobals) = postSolution
		SolutionGuid = {BA232B47-8DC2-4706-9A2E-788D29B497B0}
	EndGlobalSection
EndGlobal
